{
  "name": "owl-mpc",
  "version": "0.0.0",
  "lockfileVersion": 1,
  "requires": true,
  "dependencies": {
    "@types/node": {
      "version": "8.9.5",
      "resolved": "https://registry.npmjs.org/@types/node/-/node-8.9.5.tgz",
      "integrity": "sha512-jRHfWsvyMtXdbhnz5CVHxaBgnV6duZnPlQuRSo/dm/GnmikNcmZhxIES4E9OZjUmQ8C+HCl4KJux+cXN/ErGDQ=="
    },
    "eventemitter3": {
      "version": "2.0.3",
      "resolved": "https://registry.npmjs.org/eventemitter3/-/eventemitter3-2.0.3.tgz",
      "integrity": "sha1-teEHm1n7XhuidxwKmTvgYKWMmbo="
    },
    "mpc-js": {
      "version": "1.2.1",
      "resolved": "https://registry.npmjs.org/mpc-js/-/mpc-js-1.2.1.tgz",
      "integrity": "sha512-xquZptJXwTG63CnbHBRalQiHt8v+DUwzHpmQKjn199ZbgYTe+SZJ+K48xkCt1lUBIM/eQyqN555kiIg3ScC81Q==",
      "requires": {
        "@types/node": "8.9.5",
        "mpc-js-core": "1.2.1"
      }
    },
    "mpc-js-core": {
      "version": "1.2.1",
      "resolved": "https://registry.npmjs.org/mpc-js-core/-/mpc-js-core-1.2.1.tgz",
      "integrity": "sha512-BzQUT+s36y7PXkDi6AWMrY875aiSeXh7i+xFKPaDrhIjQfmviXu0KtDoGwUsDaRWy3afjFAe4GbZY0Xs/AxTyw==",
      "requires": {
        "eventemitter3": "2.0.3"
      }
    }
  }
}
